
Microsoft Visual Studio Solution File, Format Version 12.00
# Visual Studio Version 17
VisualStudioVersion = 17.5.33424.131
MinimumVisualStudioVersion = 10.0.40219.1
Project("{9A19103F-16F7-4668-BE54-9A1E7A4F7556}") = "CookingBlog", "CookingBlog\CookingBlog.csproj", "{DA86A310-9DAE-4B52-A90E-0A3B7BBDB5BB}"
EndProject
Project("{9A19103F-16F7-4668-BE54-9A1E7A4F7556}") = "CookingBlogFront", "CookingBlogFront\CookingBlogFront.csproj", "{C415A57D-2027-4FF3-85CF-1C823B31D779}"
EndProject
Global
	GlobalSection(SolutionConfigurationPlatforms) = preSolution
		Debug|Any CPU = Debug|Any CPU
		Release|Any CPU = Release|Any CPU
	EndGlobalSection
	GlobalSection(ProjectConfigurationPlatforms) = postSolution
		{DA86A310-9DAE-4B52-A90E-0A3B7BBDB5BB}.Debug|Any CPU.ActiveCfg = Debug|Any CPU
		{DA86A310-9DAE-4B52-A90E-0A3B7BBDB5BB}.Debug|Any CPU.Build.0 = Debug|Any CPU
		{DA86A310-9DAE-4B52-A90E-0A3B7BBDB5BB}.Release|Any CPU.ActiveCfg = Release|Any CPU
		{DA86A310-9DAE-4B52-A90E-0A3B7BBDB5BB}.Release|Any CPU.Build.0 = Release|Any CPU
		{C415A57D-2027-4FF3-85CF-1C823B31D779}.Debug|Any CPU.ActiveCfg = Debug|Any CPU
		{C415A57D-2027-4FF3-85CF-1C823B31D779}.Debug|Any CPU.Build.0 = Debug|Any CPU
		{C415A57D-2027-4FF3-85CF-1C823B31D779}.Release|Any CPU.ActiveCfg = Release|Any CPU
		{C415A57D-2027-4FF3-85CF-1C823B31D779}.Release|Any CPU.Build.0 = Release|Any CPU
	EndGlobalSection
	GlobalSection(SolutionProperties) = preSolution
		HideSolutionNode = FALSE
	EndGlobalSection
	GlobalSection(ExtensibilityGlobals) = postSolution
		SolutionGuid = {52B05DF7-47A6-4C5C-A6EE-DE7C63EE9801}
	EndGlobalSection
EndGlobal
